<?xml version="1.0" encoding="utf-8"?>
<Project ToolsVersion="16.0" xmlns="http://schemas.microsoft.com/developer/msbuild/2003">
  <ItemGroup>
    <CustomBuild Include="D:\AddOn_Specifikator\Build_25\CMakeFiles\05bc9feb4f2a3a88acdf14571e28359b\AddOnResources.stamp.rule">
      <Filter>CMake Rules</Filter>
    </CustomBuild>
    <CustomBuild Include="D:\AddOn_Specifikator\Build_25\CMakeFiles\dc87ef9a23de736300fe98f0ee0ac24f\AddOnResources.rule">
      <Filter>CMake Rules</Filter>
    </CustomBuild>
  </ItemGroup>
  <ItemGroup>
    <None Include="D:\AddOn_Specifikator\Sources\AddOnResources\RFIX.win\AddOnMain.rc2">
      <Filter>Resources</Filter>
    </None>
    <None Include="D:\AddOn_Specifikator\Sources\AddOnResources\RFIX\AddOnFix.grc">
      <Filter>Resources</Filter>
    </None>
    <None Include="D:\AddOn_Specifikator\Sources\AddOnResources\RINT\AddOn.grc">
      <Filter>Resources</Filter>
    </None>
    <None Include="D:\AddOn_Specifikator\Sources\AddOnResources\Tools\CompileResources.py">
      <Filter>Resources</Filter>
    </None>
    <None Include="D:\AddOn_Specifikator\Sources\AddOnResources\RFIX\Images\AddOnIcon_18x18.svg">
      <Filter>Images</Filter>
    </None>
    <None Include="D:\AddOn_Specifikator\Build_25\CMakeFiles\AddOnResources" />
  </ItemGroup>
  <ItemGroup>
    <Filter Include="CMake Rules">
      <UniqueIdentifier>{D6BCFA66-EC01-3815-94BB-E329645F7B2F}</UniqueIdentifier>
    </Filter>
    <Filter Include="Images">
      <UniqueIdentifier>{533DFF97-B718-3981-9948-E0D49CB1B66A}</UniqueIdentifier>
    </Filter>
    <Filter Include="Resources">
      <UniqueIdentifier>{9826C772-10E9-3252-AA29-30242307F801}</UniqueIdentifier>
    </Filter>
  </ItemGroup>
</Project>
